
Microsoft Visual Studio Solution File, Format Version 12.00
# Visual Studio 2012
Project("{FAE04EC0-301F-11D3-BF4B-00C04F79EFBC}") = "Arreglos-Ej5", "Arreglos-Ej5\Arreglos-Ej5.csproj", "{D0AE8874-F4FC-4325-A425-FF7EE94F897B}"
EndProject
Global
	GlobalSection(SolutionConfigurationPlatforms) = preSolution
		Debug|Any CPU = Debug|Any CPU
		Release|Any CPU = Release|Any CPU
	EndGlobalSection
	GlobalSection(ProjectConfigurationPlatforms) = postSolution
		{D0AE8874-F4FC-4325-A425-FF7EE94F897B}.Debug|Any CPU.ActiveCfg = Debug|Any CPU
		{D0AE8874-F4FC-4325-A425-FF7EE94F897B}.Debug|Any CPU.Build.0 = Debug|Any CPU
		{D0AE8874-F4FC-4325-A425-FF7EE94F897B}.Release|Any CPU.ActiveCfg = Release|Any CPU
		{D0AE8874-F4FC-4325-A425-FF7EE94F897B}.Release|Any CPU.Build.0 = Release|Any CPU
	EndGlobalSection
EndGlobal
